
Microsoft Visual Studio Solution File, Format Version 12.00
# Visual Studio 2013
VisualStudioVersion = 12.0.21005.1
MinimumVisualStudioVersion = 10.0.40219.1
Project("{FAE04EC0-301F-11D3-BF4B-00C04F79EFBC}") = "WebBrowzer", "WebBrowzer\WebBrowzer.csproj", "{A80F2077-6996-45E7-BFAB-DAE92FFB4671}"
EndProject
Global
	GlobalSection(SolutionConfigurationPlatforms) = preSolution
		Debug|Any CPU = Debug|Any CPU
		Release|Any CPU = Release|Any CPU
	EndGlobalSection
	GlobalSection(ProjectConfigurationPlatforms) = postSolution
		{A80F2077-6996-45E7-BFAB-DAE92FFB4671}.Debug|Any CPU.ActiveCfg = Debug|Any CPU
		{A80F2077-6996-45E7-BFAB-DAE92FFB4671}.Debug|Any CPU.Build.0 = Debug|Any CPU
		{A80F2077-6996-45E7-BFAB-DAE92FFB4671}.Release|Any CPU.ActiveCfg = Release|Any CPU
		{A80F2077-6996-45E7-BFAB-DAE92FFB4671}.Release|Any CPU.Build.0 = Release|Any CPU
	EndGlobalSection
	GlobalSection(SolutionProperties) = preSolution
		HideSolutionNode = FALSE
	EndGlobalSection
EndGlobal
